// !$*UTF8*$!
{
	archiveVersion = 1;
	classes = {
	};
	objectVersion = 46;
	objects = {

/* Begin PBXBuildFile section */
		2AE546651BBF22300025A8BA /* main.m in Sources */ = {isa = PBXBuildFile; fileRef = 2AE546641BBF22300025A8BA /* main.m */; };
		2AE546681BBF22300025A8BA /* AppDelegate.m in Sources */ = {isa = PBXBuildFile; fileRef = 2AE546671BBF22300025A8BA /* AppDelegate.m */; };
		2AE5466B1BBF22300025A8BA /* ViewController.m in Sources */ = {isa = PBXBuildFile; fileRef = 2AE5466A1BBF22300025A8BA /* ViewController.m */; };
		2AE5466E1BBF22300025A8BA /* Main.storyboard in Resources */ = {isa = PBXBuildFile; fileRef = 2AE5466C1BBF22300025A8BA /* Main.storyboard */; };
		2AE546701BBF22300025A8BA /* Assets.xcassets in Resources */ = {isa = PBXBuildFile; fileRef = 2AE5466F1BBF22300025A8BA /* Assets.xcassets */; };
		2AE546731BBF22300025A8BA /* LaunchScreen.storyboard in Resources */ = {isa = PBXBuildFile; fileRef = 2AE546711BBF22300025A8BA /* LaunchScreen.storyboard */; };
/* End PBXBuildFile section */

/* Begin PBXFileReference section */
		2AE546601BBF22300025A8BA /* GitHubPractice.app */ = {isa = PBXFileReference; explicitFileType = wrapper.application; includeInIndex = 0; path = GitHubPractice.app; sourceTree = BUILT_PRODUCTS_DIR; };
		2AE546641BBF22300025A8BA /* main.m */ = {isa = PBXFileReference; lastKnownFileType = sourcecode.c.objc; path = main.m; sourceTree = "<group>"; };
		2AE546661BBF22300025A8BA /* AppDelegate.h */ = {isa = PBXFileReference; lastKnownFileType = sourcecode.c.h; path = AppDelegate.h; sourceTree = "<group>"; };
		2AE546671BBF22300025A8BA /* AppDelegate.m */ = {isa = PBXFileReference; lastKnownFileType = sourcecode.c.objc; path = AppDelegate.m; sourceTree = "<group>"; };
		2AE546691BBF22300025A8BA /* ViewController.h */ = {isa = PBXFileReference; lastKnownFileType = sourcecode.c.h; path = ViewController.h; sourceTree = "<group>"; };
		2AE5466A1BBF22300025A8BA /* ViewController.m */ = {isa = PBXFileReference; lastKnownFileType = sourcecode.c.objc; path = ViewController.m; sourceTree = "<group>"; };
		2AE5466D1BBF22300025A8BA /* Base */ = {isa = PBXFileReference; lastKnownFileType = file.storyboard; name = Base; path = Base.lproj/Main.storyboard; sourceTree = "<group>"; };
		2AE5466F1BBF22300025A8BA /* Assets.xcassets */ = {isa = PBXFileReference; lastKnownFileType = folder.assetcatalog; path = Assets.xcassets; sourceTree = "<group>"; };
		2AE546721BBF22300025A8BA /* Base */ = {isa = PBXFileReference; lastKnownFileType = file.storyboard; name = Base; path = Base.lproj/LaunchScreen.storyboard; sourceTree = "<group>"; };
		2AE546741BBF22300025A8BA /* Info.plist */ = {isa = PBXFileReference; lastKnownFileType = text.plist.xml; path = Info.plist; sourceTree = "<group>"; };
/* End PBXFileReference section */

/* Begin PBXFrameworksBuildPhase section */
		2AE5465D1BBF22300025A8BA /* Frameworks */ = {
			isa = PBXFrameworksBuildPhase;
			buildActionMask = 2147483647;
			files = (
			);
			runOnlyForDeploymentPostprocessing = 0;
		};
/* End PBXFrameworksBuildPhase section */

/* Begin PBXGroup section */
		2AE546571BBF22300025A8BA = {
			isa = PBXGroup;
			children = (
				2AE546621BBF22300025A8BA /* GitHubPractice */,
				2AE546611BBF22300025A8BA /* Products */,
			);
			sourceTree = "<group>";
		};
		2AE546611BBF22300025A8BA /* Products */ = {
			isa = PBXGroup;
			children = (
				2AE546601BBF22300025A8BA /* GitHubPractice.app */,
			);
			name = Products;
			sourceTree = "<group>";
		};
		2AE546621BBF22300025A8BA /* GitHubPractice */ = {
			isa = PBXGroup;
			children = (
				2AE546661BBF22300025A8BA /* AppDelegate.h */,
				2AE546671BBF22300025A8BA /* AppDelegate.m */,
				2AE546691BBF22300025A8BA /* ViewController.h */,
				2AE5466A1BBF22300025A8BA /* ViewController.m */,
				2AE5466C1BBF22300025A8BA /* Main.storyboard */,
				2AE5466F1BBF22300025A8BA /* Assets.xcassets */,
				2AE546711BBF22300025A8BA /* LaunchScreen.storyboard */,
				2AE546741BBF22300025A8BA /* Info.plist */,
				2AE546631BBF22300025A8BA /* Supporting Files */,
			);
			path = GitHubPractice;
			sourceTree = "<group>";
		};
		2AE546631BBF22300025A8BA /* Supporting Files */ = {
			isa = PBXGroup;
			children = (
				2AE546641BBF22300025A8BA /* main.m */,
			);
			name = "Supporting Files";
			sourceTree = "<group>";
		};
/* End PBXGroup section */

/* Begin PBXNativeTarget section */
		2AE5465F1BBF22300025A8BA /* GitHubPractice */ = {
			isa = PBXNativeTarget;
			buildConfigurationList = 2AE546771BBF22300025A8BA /* Build configuration list for PBXNativeTarget "GitHubPractice" */;
			buildPhases = (
				2AE5465C1BBF22300025A8BA /* Sources */,
				2AE5465D1BBF22300025A8BA /* Frameworks */,
				2AE5465E1BBF22300025A8BA /* Resources */,
			);
			buildRules = (
			);
			dependencies = (
			);
			name = GitHubPractice;
			productName = GitHubPractice;
			productReference = 2AE546601BBF22300025A8BA /* GitHubPractice.app */;
			productType = "com.apple.product-type.application";
		};
/* End PBXNativeTarget section */

/* Begin PBXProject section */
		2AE546581BBF22300025A8BA /* Project object */ = {
			isa = PBXProject;
			attributes = {
				LastUpgradeCheck = 0700;
				ORGANIZATIONNAME = "Mobile Makers";
				TargetAttributes = {
					2AE5465F1BBF22300025A8BA = {
						CreatedOnToolsVersion = 7.0.1;
					};
				};
			};
			buildConfigurationList = 2AE5465B1BBF22300025A8BA /* Build configuration list for PBXProject "GitHubPractice" */;
			compatibilityVersion = "Xcode 3.2";
			developmentRegion = English;
			hasScannedForEncodings = 0;
			knownRegions = (
				en,
				Base,
			);
			mainGroup = 2AE546571BBF22300025A8BA;
			productRefGroup = 2AE546611BBF22300025A8BA /* Products */;
			projectDirPath = "";
			projectRoot = "";
			targets = (
				2AE5465F1BBF22300025A8BA /* GitHubPractice */,
			);
		};
/* End PBXProject section */

/* Begin PBXResourcesBuildPhase section */
		2AE5465E1BBF22300025A8BA /* Resources */ = {
			isa = PBXResourcesBuildPhase;
			buildActionMask = 2147483647;
			files = (
				2AE546731BBF22300025A8BA /* LaunchScreen.storyboard in Resources */,
				2AE546701BBF22300025A8BA /* Assets.xcassets in Resources */,
				2AE5466E1BBF22300025A8BA /* Main.storyboard in Resources */,
			);
			runOnlyForDeploymentPostprocessing = 0;
		};
/* End PBXResourcesBuildPhase section */

/* Begin PBXSourcesBuildPhase section */
		2AE5465C1BBF22300025A8BA /* Sources */ = {
			isa = PBXSourcesBuildPhase;
			buildActionMask = 2147483647;
			files = (
				2AE5466B1BBF22300025A8BA /* ViewController.m in Sources */,
				2AE546681BBF22300025A8BA /* AppDelegate.m in Sources */,
				2AE546651BBF22300025A8BA /* main.m in Sources */,
			);
			runOnlyForDeploymentPostprocessing = 0;
		};
/* End PBXSourcesBuildPhase section */

/* Begin PBXVariantGroup section */
		2AE5466C1BBF22300025A8BA /* Main.storyboard */ = {
			isa = PBXVariantGroup;
			children = (
				2AE5466D1BBF22300025A8BA /* Base */,
			);
			name = Main.storyboard;
			sourceTree = "<group>";
		};
		2AE546711BBF22300025A8BA /* LaunchScreen.storyboard */ = {
			isa = PBXVariantGroup;
			children = (
				2AE546721BBF22300025A8BA /* Base */,
			);
			name = LaunchScreen.storyboard;
			sourceTree = "<group>";
		};
/* End PBXVariantGroup section */

/* Begin XCBuildConfiguration section */
		2AE546751BBF22300025A8BA /* Debug */ = {
			isa = XCBuildConfiguration;
			buildSettings = {
				ALWAYS_SEARCH_USER_PATHS = NO;
				CLANG_CXX_LANGUAGE_STANDARD = "gnu++0x";
				CLANG_CXX_LIBRARY = "libc++";
				CLANG_ENABLE_MODULES = YES;
				CLANG_ENABLE_OBJC_ARC = YES;
				CLANG_WARN_BOOL_CONVERSION = YES;
				CLANG_WARN_CONSTANT_CONVERSION = YES;
				CLANG_WARN_DIRECT_OBJC_ISA_USAGE = YES_ERROR;
				CLANG_WARN_EMPTY_BODY = YES;
				CLANG_WARN_ENUM_CONVERSION = YES;
				CLANG_WARN_INT_CONVERSION = YES;
				CLANG_WARN_OBJC_ROOT_CLASS = YES_ERROR;
				CLANG_WARN_UNREACHABLE_CODE = YES;
				CLANG_WARN__DUPLICATE_METHOD_MATCH = YES;
				"CODE_SIGN_IDENTITY[sdk=iphoneos*]" = "iPhone Developer";
				COPY_PHASE_STRIP = NO;
				DEBUG_INFORMATION_FORMAT = dwarf;
				ENABLE_STRICT_OBJC_MSGSEND = YES;
				ENABLE_TESTABILITY = YES;
				GCC_C_LANGUAGE_STANDARD = gnu99;
				GCC_DYNAMIC_NO_PIC = NO;
				GCC_NO_COMMON_BLOCKS = YES;
				GCC_OPTIMIZATION_LEVEL = 0;
				GCC_PREPROCESSOR_DEFINITIONS = (
					"DEBUG=1",
					"$(inherited)",
				);
				GCC_WARN_64_TO_32_BIT_CONVERSION = YES;
				GCC_WARN_ABOUT_RETURN_TYPE = YES_ERROR;
				GCC_WARN_UNDECLARED_SELECTOR = YES;
				GCC_WARN_UNINITIALIZED_AUTOS = YES_AGGRESSIVE;
				GCC_WARN_UNUSED_FUNCTION = YES;
				GCC_WARN_UNUSED_VARIABLE = YES;
				IPHONEOS_DEPLOYMENT_TARGET = 9.0;
				MTL_ENABLE_DEBUG_INFO = YES;
				ONLY_ACTIVE_ARCH = YES;
				SDKROOT = iphoneos;
			};
			name = Debug;
		};
		2AE546761BBF22300025A8BA /* Release */ = {
			isa = XCBuildConfiguration;
			buildSettings = {
				ALWAYS_SEARCH_USER_PATHS = NO;
				CLANG_CXX_LANGUAGE_STANDARD = "gnu++0x";
				CLANG_CXX_LIBRARY = "libc++";
				CLANG_ENABLE_MODULES = YES;
				CLANG_ENABLE_OBJC_ARC = YES;
				CLANG_WARN_BOOL_CONVERSION = YES;
				CLANG_WARN_CONSTANT_CONVERSION = YES;
				CLANG_WARN_DIRECT_OBJC_ISA_USAGE = YES_ERROR;
				CLANG_WARN_EMPTY_BODY = YES;
				CLANG_WARN_ENUM_CONVERSION = YES;
				CLANG_WARN_INT_CONVERSION = YES;
				CLANG_WARN_OBJC_ROOT_CLASS = YES_ERROR;
				CLANG_WARN_UNREACHABLE_CODE = YES;
				CLANG_WARN__DUPLICATE_METHOD_MATCH = YES;
				"CODE_SIGN_IDENTITY[sdk=iphoneos*]" = "iPhone Developer";
				COPY_PHASE_STRIP = NO;
				DEBUG_INFORMATION_FORMAT = "dwarf-with-dsym";
				ENABLE_NS_ASSERTIONS = NO;
				ENABLE_STRICT_OBJC_MSGSEND = YES;
				GCC_C_LANGUAGE_STANDARD = gnu99;
				GCC_NO_COMMON_BLOCKS = YES;
				GCC_WARN_64_TO_32_BIT_CONVERSION = YES;
				GCC_WARN_ABOUT_RETURN_TYPE = YES_ERROR;
				GCC_WARN_UNDECLARED_SELECTOR = YES;
				GCC_WARN_UNINITIALIZED_AUTOS = YES_AGGRESSIVE;
				GCC_WARN_UNUSED_FUNCTION = YES;
				GCC_WARN_UNUSED_VARIABLE = YES;
				IPHONEOS_DEPLOYMENT_TARGET = 9.0;
				MTL_ENABLE_DEBUG_INFO = NO;
				SDKROOT = iphoneos;
				VALIDATE_PRODUCT = YES;
			};
			name = Release;
		};
		2AE546781BBF22300025A8BA /* Debug */ = {
			isa = XCBuildConfiguration;
			buildSettings = {
				ASSETCATALOG_COMPILER_APPICON_NAME = AppIcon;
				INFOPLIST_FILE = GitHubPractice/Info.plist;
				LD_RUNPATH_SEARCH_PATHS = "$(inherited) @executable_path/Frameworks";
				PRODUCT_BUNDLE_IDENTIFIER = co.mobilemakers.GitHubPractice;
				PRODUCT_NAME = "$(TARGET_NAME)";
			};
			name = Debug;
		};
		2AE546791BBF22300025A8BA /* Release */ = {
			isa = XCBuildConfiguration;
			buildSettings = {
				ASSETCATALOG_COMPILER_APPICON_NAME = AppIcon;
				INFOPLIST_FILE = GitHubPractice/Info.plist;
				LD_RUNPATH_SEARCH_PATHS = "$(inherited) @executable_path/Frameworks";
				PRODUCT_BUNDLE_IDENTIFIER = co.mobilemakers.GitHubPractice;
				PRODUCT_NAME = "$(TARGET_NAME)";
			};
			name = Release;
		};
/* End XCBuildConfiguration section */

/* Begin XCConfigurationList section */
		2AE5465B1BBF22300025A8BA /* Build configuration list for PBXProject "GitHubPractice" */ = {
			isa = XCConfigurationList;
			buildConfigurations = (
				2AE546751BBF22300025A8BA /* Debug */,
				2AE546761BBF22300025A8BA /* Release */,
			);
			defaultConfigurationIsVisible = 0;
			defaultConfigurationName = Release;
		};
		2AE546771BBF22300025A8BA /* Build configuration list for PBXNativeTarget "GitHubPractice" */ = {
			isa = XCConfigurationList;
			buildConfigurations = (
				2AE546781BBF22300025A8BA /* Debug */,
				2AE546791BBF22300025A8BA /* Release */,
			);
			defaultConfigurationIsVisible = 0;
		};
/* End XCConfigurationList section */
	};
	rootObject = 2AE546581BBF22300025A8BA /* Project object */;
}
